{
  "requires": true,
  "lockfileVersion": 1,
  "dependencies": {
    "vue": {
      "version": "2.6.14",
      "resolved": "https://registry.npmjs.org/vue/-/vue-2.6.14.tgz",
      "integrity": "sha512-x2284lgYvjOMj3Za7kqzRcUSxBboHqtgRE2zlos1qWaOye5yUmHn42LB1250NJBLRwEcdrB0JRwyPTEPhfQjiQ=="
    },
    "vue-print-nb": {
      "version": "1.7.5",
      "resolved": "https://registry.npmjs.org/vue-print-nb/-/vue-print-nb-1.7.5.tgz",
      "integrity": "sha512-iNbNyUVRWz0Ha1UTiCKxMPtHLUDGgNI8e8xmD3xqm9RlXIUeX9bT7DgNAfY8vPzqyFRHqGjxLI1rycKH366ziQ==",
      "requires": {
        "vue": "^2.6.11"
      }
    }
  }
}
